
Microsoft Visual Studio Solution File, Format Version 12.00
# Visual Studio 15
Project("{FAE04EC0-301F-11D3-BF4B-00C04F79EFBC}") = "Assembly-CSharp", "Assembly-CSharp.csproj", "{6F9994B0-3CEA-8DEF-F83B-CCD8536BC742}"
EndProject
Project("{FAE04EC0-301F-11D3-BF4B-00C04F79EFBC}") = "Assembly-CSharp-Editor", "Assembly-CSharp-Editor.csproj", "{C5F4793D-9B8B-B08B-76CA-2C41B1765572}"
EndProject
Global
	GlobalSection(SolutionConfigurationPlatforms) = preSolution
		Debug|Any CPU = Debug|Any CPU
		Release|Any CPU = Release|Any CPU
	EndGlobalSection
	GlobalSection(ProjectConfigurationPlatforms) = postSolution
		{6F9994B0-3CEA-8DEF-F83B-CCD8536BC742}.Debug|Any CPU.ActiveCfg = Debug|Any CPU
		{6F9994B0-3CEA-8DEF-F83B-CCD8536BC742}.Debug|Any CPU.Build.0 = Debug|Any CPU
		{6F9994B0-3CEA-8DEF-F83B-CCD8536BC742}.Release|Any CPU.ActiveCfg = Release|Any CPU
		{6F9994B0-3CEA-8DEF-F83B-CCD8536BC742}.Release|Any CPU.Build.0 = Release|Any CPU
		{C5F4793D-9B8B-B08B-76CA-2C41B1765572}.Debug|Any CPU.ActiveCfg = Debug|Any CPU
		{C5F4793D-9B8B-B08B-76CA-2C41B1765572}.Debug|Any CPU.Build.0 = Debug|Any CPU
		{C5F4793D-9B8B-B08B-76CA-2C41B1765572}.Release|Any CPU.ActiveCfg = Release|Any CPU
		{C5F4793D-9B8B-B08B-76CA-2C41B1765572}.Release|Any CPU.Build.0 = Release|Any CPU
	EndGlobalSection
	GlobalSection(SolutionProperties) = preSolution
		HideSolutionNode = FALSE
	EndGlobalSection
EndGlobal
